---
lockVersion: 1.0.0
dependencies:
  codeql/cpp-all:
    version: 4.0.1
  codeql/dataflow:
    version: 2.0.1
  codeql/mad:
    version: 1.0.17
  codeql/rangeanalysis:
    version: 1.0.17
  codeql/ssa:
    version: 1.0.17
  codeql/tutorial:
    version: 1.0.17
  codeql/typeflow:
    version: 1.0.17
  codeql/typetracking:
    version: 2.0.1
  codeql/util:
    version: 2.0.4
  codeql/xml:
    version: 1.0.17
compiled: false
